
Microsoft Visual Studio Solution File, Format Version 12.00
# Visual Studio Version 17
VisualStudioVersion = 17.5.33530.505
MinimumVisualStudioVersion = 10.0.40219.1
Project("{FAE04EC0-301F-11D3-BF4B-00C04F79EFBC}") = "UsersfApp", "UsersfApp.csproj", "{2548A9EC-30A5-43C8-BB69-A705BCCB274E}"
EndProject
Global
	GlobalSection(SolutionConfigurationPlatforms) = preSolution
		Debug|Any CPU = Debug|Any CPU
		Release|Any CPU = Release|Any CPU
	EndGlobalSection
	GlobalSection(ProjectConfigurationPlatforms) = postSolution
		{2548A9EC-30A5-43C8-BB69-A705BCCB274E}.Debug|Any CPU.ActiveCfg = Debug|Any CPU
		{2548A9EC-30A5-43C8-BB69-A705BCCB274E}.Debug|Any CPU.Build.0 = Debug|Any CPU
		{2548A9EC-30A5-43C8-BB69-A705BCCB274E}.Release|Any CPU.ActiveCfg = Release|Any CPU
		{2548A9EC-30A5-43C8-BB69-A705BCCB274E}.Release|Any CPU.Build.0 = Release|Any CPU
	EndGlobalSection
	GlobalSection(SolutionProperties) = preSolution
		HideSolutionNode = FALSE
	EndGlobalSection
	GlobalSection(ExtensibilityGlobals) = postSolution
		SolutionGuid = {6F5835ED-4D36-43B8-927A-81BAC9FDBCF5}
	EndGlobalSection
EndGlobal
